
Microsoft Visual Studio Solution File, Format Version 12.00
# Visual Studio 2015
Project("{FAE04EC0-301F-11D3-BF4B-00C04F79EFBC}") = "BOYEngine-master", "BOYEngine-master.csproj", "{65AFE10B-C255-5B44-BE32-789FB0968D3D}"
EndProject
Project("{FAE04EC0-301F-11D3-BF4B-00C04F79EFBC}") = "BOYEngine-master.Editor", "BOYEngine-master.Editor.csproj", "{29721610-9685-CD5B-4A7D-745388B9E26F}"
EndProject
Global
	GlobalSection(SolutionConfigurationPlatforms) = preSolution
		Debug|Any CPU = Debug|Any CPU
		Release|Any CPU = Release|Any CPU
	EndGlobalSection
	GlobalSection(ProjectConfigurationPlatforms) = postSolution
		{65AFE10B-C255-5B44-BE32-789FB0968D3D}.Debug|Any CPU.ActiveCfg = Debug|Any CPU
		{65AFE10B-C255-5B44-BE32-789FB0968D3D}.Debug|Any CPU.Build.0 = Debug|Any CPU
		{65AFE10B-C255-5B44-BE32-789FB0968D3D}.Release|Any CPU.ActiveCfg = Release|Any CPU
		{65AFE10B-C255-5B44-BE32-789FB0968D3D}.Release|Any CPU.Build.0 = Release|Any CPU
		{29721610-9685-CD5B-4A7D-745388B9E26F}.Debug|Any CPU.ActiveCfg = Debug|Any CPU
		{29721610-9685-CD5B-4A7D-745388B9E26F}.Debug|Any CPU.Build.0 = Debug|Any CPU
		{29721610-9685-CD5B-4A7D-745388B9E26F}.Release|Any CPU.ActiveCfg = Release|Any CPU
		{29721610-9685-CD5B-4A7D-745388B9E26F}.Release|Any CPU.Build.0 = Release|Any CPU
	EndGlobalSection
	GlobalSection(SolutionProperties) = preSolution
		HideSolutionNode = FALSE
	EndGlobalSection
EndGlobal
